// !$*UTF8*$!
{
	archiveVersion = 1;
	classes = {
	};
	objectVersion = 50;
	objects = {

/* Begin PBXBuildFile section */
		8D45D467223EE5A100A161E7 /* MediaViewController.swift in Sources */ = {isa = PBXBuildFile; fileRef = 8D45D466223EE5A100A161E7 /* MediaViewController.swift */; };
		8D45D469223EE5C600A161E7 /* MediaViewModel.swift in Sources */ = {isa = PBXBuildFile; fileRef = 8D45D468223EE5C600A161E7 /* MediaViewModel.swift */; };
		8D45D46C224807F500A161E7 /* MediaSearchResult.swift in Sources */ = {isa = PBXBuildFile; fileRef = 8D45D46B224807F500A161E7 /* MediaSearchResult.swift */; };
		8D45D46E224808A700A161E7 /* Media.swift in Sources */ = {isa = PBXBuildFile; fileRef = 8D45D46D224808A700A161E7 /* Media.swift */; };
		8D45D47022480A9C00A161E7 /* NetworkManager.swift in Sources */ = {isa = PBXBuildFile; fileRef = 8D45D46F22480A9C00A161E7 /* NetworkManager.swift */; };
		8D60006C223DFFC100C3B81A /* AppDelegate.swift in Sources */ = {isa = PBXBuildFile; fileRef = 8D60006B223DFFC100C3B81A /* AppDelegate.swift */; };
		8D600073223DFFC200C3B81A /* Assets.xcassets in Resources */ = {isa = PBXBuildFile; fileRef = 8D600072223DFFC200C3B81A /* Assets.xcassets */; };
		8D600076223DFFC200C3B81A /* LaunchScreen.storyboard in Resources */ = {isa = PBXBuildFile; fileRef = 8D600074223DFFC200C3B81A /* LaunchScreen.storyboard */; };
		998F41AF3AE3FDDC95929BAF /* Pods_RxCocoaHeads.framework in Frameworks */ = {isa = PBXBuildFile; fileRef = 67ACDA7ABE5A674AC8A539D4 /* Pods_RxCocoaHeads.framework */; };
/* End PBXBuildFile section */

/* Begin PBXFileReference section */
		11B93BAA2E30B7E9512D3241 /* Pods-RxCocoaHeads.release.xcconfig */ = {isa = PBXFileReference; includeInIndex = 1; lastKnownFileType = text.xcconfig; name = "Pods-RxCocoaHeads.release.xcconfig"; path = "Pods/Target Support Files/Pods-RxCocoaHeads/Pods-RxCocoaHeads.release.xcconfig"; sourceTree = "<group>"; };
		67ACDA7ABE5A674AC8A539D4 /* Pods_RxCocoaHeads.framework */ = {isa = PBXFileReference; explicitFileType = wrapper.framework; includeInIndex = 0; path = Pods_RxCocoaHeads.framework; sourceTree = BUILT_PRODUCTS_DIR; };
		8D45D466223EE5A100A161E7 /* MediaViewController.swift */ = {isa = PBXFileReference; lastKnownFileType = sourcecode.swift; path = MediaViewController.swift; sourceTree = "<group>"; };
		8D45D468223EE5C600A161E7 /* MediaViewModel.swift */ = {isa = PBXFileReference; lastKnownFileType = sourcecode.swift; path = MediaViewModel.swift; sourceTree = "<group>"; };
		8D45D46B224807F500A161E7 /* MediaSearchResult.swift */ = {isa = PBXFileReference; lastKnownFileType = sourcecode.swift; path = MediaSearchResult.swift; sourceTree = "<group>"; };
		8D45D46D224808A700A161E7 /* Media.swift */ = {isa = PBXFileReference; lastKnownFileType = sourcecode.swift; path = Media.swift; sourceTree = "<group>"; };
		8D45D46F22480A9C00A161E7 /* NetworkManager.swift */ = {isa = PBXFileReference; lastKnownFileType = sourcecode.swift; path = NetworkManager.swift; sourceTree = "<group>"; };
		8D600068223DFFC100C3B81A /* RxCocoaHeads.app */ = {isa = PBXFileReference; explicitFileType = wrapper.application; includeInIndex = 0; path = RxCocoaHeads.app; sourceTree = BUILT_PRODUCTS_DIR; };
		8D60006B223DFFC100C3B81A /* AppDelegate.swift */ = {isa = PBXFileReference; lastKnownFileType = sourcecode.swift; path = AppDelegate.swift; sourceTree = "<group>"; };
		8D600072223DFFC200C3B81A /* Assets.xcassets */ = {isa = PBXFileReference; lastKnownFileType = folder.assetcatalog; path = Assets.xcassets; sourceTree = "<group>"; };
		8D600075223DFFC200C3B81A /* Base */ = {isa = PBXFileReference; lastKnownFileType = file.storyboard; name = Base; path = Base.lproj/LaunchScreen.storyboard; sourceTree = "<group>"; };
		8D600077223DFFC200C3B81A /* Info.plist */ = {isa = PBXFileReference; lastKnownFileType = text.plist.xml; path = Info.plist; sourceTree = "<group>"; };
		FF7135A74195905277CDE86F /* Pods-RxCocoaHeads.debug.xcconfig */ = {isa = PBXFileReference; includeInIndex = 1; lastKnownFileType = text.xcconfig; name = "Pods-RxCocoaHeads.debug.xcconfig"; path = "Pods/Target Support Files/Pods-RxCocoaHeads/Pods-RxCocoaHeads.debug.xcconfig"; sourceTree = "<group>"; };
/* End PBXFileReference section */

/* Begin PBXFrameworksBuildPhase section */
		8D600065223DFFC100C3B81A /* Frameworks */ = {
			isa = PBXFrameworksBuildPhase;
			buildActionMask = 2147483647;
			files = (
				998F41AF3AE3FDDC95929BAF /* Pods_RxCocoaHeads.framework in Frameworks */,
			);
			runOnlyForDeploymentPostprocessing = 0;
		};
/* End PBXFrameworksBuildPhase section */

/* Begin PBXGroup section */
		8D45D46A224807DD00A161E7 /* Models */ = {
			isa = PBXGroup;
			children = (
				8D45D46B224807F500A161E7 /* MediaSearchResult.swift */,
				8D45D46D224808A700A161E7 /* Media.swift */,
			);
			path = Models;
			sourceTree = "<group>";
		};
		8D60005F223DFFC100C3B81A = {
			isa = PBXGroup;
			children = (
				8D60006A223DFFC100C3B81A /* RxCocoaHeads */,
				8D600069223DFFC100C3B81A /* Products */,
				C2DB06BBA34B0DB891EDF54A /* Pods */,
				A545090AD5CC6C30D32AF3D3 /* Frameworks */,
			);
			sourceTree = "<group>";
		};
		8D600069223DFFC100C3B81A /* Products */ = {
			isa = PBXGroup;
			children = (
				8D600068223DFFC100C3B81A /* RxCocoaHeads.app */,
			);
			name = Products;
			sourceTree = "<group>";
		};
		8D60006A223DFFC100C3B81A /* RxCocoaHeads */ = {
			isa = PBXGroup;
			children = (
				8D60006B223DFFC100C3B81A /* AppDelegate.swift */,
				8D600072223DFFC200C3B81A /* Assets.xcassets */,
				8D600077223DFFC200C3B81A /* Info.plist */,
				8D600074223DFFC200C3B81A /* LaunchScreen.storyboard */,
				8D45D466223EE5A100A161E7 /* MediaViewController.swift */,
				8D45D468223EE5C600A161E7 /* MediaViewModel.swift */,
				8D45D46A224807DD00A161E7 /* Models */,
				8D45D46F22480A9C00A161E7 /* NetworkManager.swift */,
			);
			path = RxCocoaHeads;
			sourceTree = "<group>";
		};
		A545090AD5CC6C30D32AF3D3 /* Frameworks */ = {
			isa = PBXGroup;
			children = (
				67ACDA7ABE5A674AC8A539D4 /* Pods_RxCocoaHeads.framework */,
			);
			name = Frameworks;
			sourceTree = "<group>";
		};
		C2DB06BBA34B0DB891EDF54A /* Pods */ = {
			isa = PBXGroup;
			children = (
				FF7135A74195905277CDE86F /* Pods-RxCocoaHeads.debug.xcconfig */,
				11B93BAA2E30B7E9512D3241 /* Pods-RxCocoaHeads.release.xcconfig */,
			);
			name = Pods;
			sourceTree = "<group>";
		};
/* End PBXGroup section */

/* Begin PBXNativeTarget section */
		8D600067223DFFC100C3B81A /* RxCocoaHeads */ = {
			isa = PBXNativeTarget;
			buildConfigurationList = 8D60007A223DFFC200C3B81A /* Build configuration list for PBXNativeTarget "RxCocoaHeads" */;
			buildPhases = (
				AB10B16F02298DB51E9507D7 /* [CP] Check Pods Manifest.lock */,
				8D600064223DFFC100C3B81A /* Sources */,
				8D600065223DFFC100C3B81A /* Frameworks */,
				8D600066223DFFC100C3B81A /* Resources */,
				6EE68FE9F5CB62856EC358E4 /* [CP] Embed Pods Frameworks */,
			);
			buildRules = (
			);
			dependencies = (
			);
			name = RxCocoaHeads;
			productName = RxCocoaHeads;
			productReference = 8D600068223DFFC100C3B81A /* RxCocoaHeads.app */;
			productType = "com.apple.product-type.application";
		};
/* End PBXNativeTarget section */

/* Begin PBXProject section */
		8D600060223DFFC100C3B81A /* Project object */ = {
			isa = PBXProject;
			attributes = {
				LastSwiftUpdateCheck = 1010;
				LastUpgradeCheck = 1010;
				ORGANIZATIONNAME = "Travis Smith";
				TargetAttributes = {
					8D600067223DFFC100C3B81A = {
						CreatedOnToolsVersion = 10.1;
					};
				};
			};
			buildConfigurationList = 8D600063223DFFC100C3B81A /* Build configuration list for PBXProject "RxCocoaHeads" */;
			compatibilityVersion = "Xcode 9.3";
			developmentRegion = en;
			hasScannedForEncodings = 0;
			knownRegions = (
				en,
				Base,
			);
			mainGroup = 8D60005F223DFFC100C3B81A;
			productRefGroup = 8D600069223DFFC100C3B81A /* Products */;
			projectDirPath = "";
			projectRoot = "";
			targets = (
				8D600067223DFFC100C3B81A /* RxCocoaHeads */,
			);
		};
/* End PBXProject section */

/* Begin PBXResourcesBuildPhase section */
		8D600066223DFFC100C3B81A /* Resources */ = {
			isa = PBXResourcesBuildPhase;
			buildActionMask = 2147483647;
			files = (
				8D600076223DFFC200C3B81A /* LaunchScreen.storyboard in Resources */,
				8D600073223DFFC200C3B81A /* Assets.xcassets in Resources */,
			);
			runOnlyForDeploymentPostprocessing = 0;
		};
/* End PBXResourcesBuildPhase section */

/* Begin PBXShellScriptBuildPhase section */
		6EE68FE9F5CB62856EC358E4 /* [CP] Embed Pods Frameworks */ = {
			isa = PBXShellScriptBuildPhase;
			buildActionMask = 2147483647;
			files = (
			);
			inputPaths = (
				"${PODS_ROOT}/Target Support Files/Pods-RxCocoaHeads/Pods-RxCocoaHeads-frameworks.sh",
				"${BUILT_PRODUCTS_DIR}/RxAtomic/RxAtomic.framework",
				"${BUILT_PRODUCTS_DIR}/RxCocoa/RxCocoa.framework",
				"${BUILT_PRODUCTS_DIR}/RxSwift/RxSwift.framework",
			);
			name = "[CP] Embed Pods Frameworks";
			outputPaths = (
				"${TARGET_BUILD_DIR}/${FRAMEWORKS_FOLDER_PATH}/RxAtomic.framework",
				"${TARGET_BUILD_DIR}/${FRAMEWORKS_FOLDER_PATH}/RxCocoa.framework",
				"${TARGET_BUILD_DIR}/${FRAMEWORKS_FOLDER_PATH}/RxSwift.framework",
			);
			runOnlyForDeploymentPostprocessing = 0;
			shellPath = /bin/sh;
			shellScript = "\"${PODS_ROOT}/Target Support Files/Pods-RxCocoaHeads/Pods-RxCocoaHeads-frameworks.sh\"\n";
			showEnvVarsInLog = 0;
		};
		AB10B16F02298DB51E9507D7 /* [CP] Check Pods Manifest.lock */ = {
			isa = PBXShellScriptBuildPhase;
			buildActionMask = 2147483647;
			files = (
			);
			inputPaths = (
				"${PODS_PODFILE_DIR_PATH}/Podfile.lock",
				"${PODS_ROOT}/Manifest.lock",
			);
			name = "[CP] Check Pods Manifest.lock";
			outputPaths = (
				"$(DERIVED_FILE_DIR)/Pods-RxCocoaHeads-checkManifestLockResult.txt",
			);
			runOnlyForDeploymentPostprocessing = 0;
			shellPath = /bin/sh;
			shellScript = "diff \"${PODS_PODFILE_DIR_PATH}/Podfile.lock\" \"${PODS_ROOT}/Manifest.lock\" > /dev/null\nif [ $? != 0 ] ; then\n    # print error to STDERR\n    echo \"error: The sandbox is not in sync with the Podfile.lock. Run 'pod install' or update your CocoaPods installation.\" >&2\n    exit 1\nfi\n# This output is used by Xcode 'outputs' to avoid re-running this script phase.\necho \"SUCCESS\" > \"${SCRIPT_OUTPUT_FILE_0}\"\n";
			showEnvVarsInLog = 0;
		};
/* End PBXShellScriptBuildPhase section */

/* Begin PBXSourcesBuildPhase section */
		8D600064223DFFC100C3B81A /* Sources */ = {
			isa = PBXSourcesBuildPhase;
			buildActionMask = 2147483647;
			files = (
				8D45D47022480A9C00A161E7 /* NetworkManager.swift in Sources */,
				8D60006C223DFFC100C3B81A /* AppDelegate.swift in Sources */,
				8D45D469223EE5C600A161E7 /* MediaViewModel.swift in Sources */,
				8D45D467223EE5A100A161E7 /* MediaViewController.swift in Sources */,
				8D45D46C224807F500A161E7 /* MediaSearchResult.swift in Sources */,
				8D45D46E224808A700A161E7 /* Media.swift in Sources */,
			);
			runOnlyForDeploymentPostprocessing = 0;
		};
/* End PBXSourcesBuildPhase section */

/* Begin PBXVariantGroup section */
		8D600074223DFFC200C3B81A /* LaunchScreen.storyboard */ = {
			isa = PBXVariantGroup;
			children = (
				8D600075223DFFC200C3B81A /* Base */,
			);
			name = LaunchScreen.storyboard;
			sourceTree = "<group>";
		};
/* End PBXVariantGroup section */

/* Begin XCBuildConfiguration section */
		8D600078223DFFC200C3B81A /* Debug */ = {
			isa = XCBuildConfiguration;
			buildSettings = {
				ALWAYS_SEARCH_USER_PATHS = NO;
				CLANG_ANALYZER_NONNULL = YES;
				CLANG_ANALYZER_NUMBER_OBJECT_CONVERSION = YES_AGGRESSIVE;
				CLANG_CXX_LANGUAGE_STANDARD = "gnu++14";
				CLANG_CXX_LIBRARY = "libc++";
				CLANG_ENABLE_MODULES = YES;
				CLANG_ENABLE_OBJC_ARC = YES;
				CLANG_ENABLE_OBJC_WEAK = YES;
				CLANG_WARN_BLOCK_CAPTURE_AUTORELEASING = YES;
				CLANG_WARN_BOOL_CONVERSION = YES;
				CLANG_WARN_COMMA = YES;
				CLANG_WARN_CONSTANT_CONVERSION = YES;
				CLANG_WARN_DEPRECATED_OBJC_IMPLEMENTATIONS = YES;
				CLANG_WARN_DIRECT_OBJC_ISA_USAGE = YES_ERROR;
				CLANG_WARN_DOCUMENTATION_COMMENTS = YES;
				CLANG_WARN_EMPTY_BODY = YES;
				CLANG_WARN_ENUM_CONVERSION = YES;
				CLANG_WARN_INFINITE_RECURSION = YES;
				CLANG_WARN_INT_CONVERSION = YES;
				CLANG_WARN_NON_LITERAL_NULL_CONVERSION = YES;
				CLANG_WARN_OBJC_IMPLICIT_RETAIN_SELF = YES;
				CLANG_WARN_OBJC_LITERAL_CONVERSION = YES;
				CLANG_WARN_OBJC_ROOT_CLASS = YES_ERROR;
				CLANG_WARN_RANGE_LOOP_ANALYSIS = YES;
				CLANG_WARN_STRICT_PROTOTYPES = YES;
				CLANG_WARN_SUSPICIOUS_MOVE = YES;
				CLANG_WARN_UNGUARDED_AVAILABILITY = YES_AGGRESSIVE;
				CLANG_WARN_UNREACHABLE_CODE = YES;
				CLANG_WARN__DUPLICATE_METHOD_MATCH = YES;
				CODE_SIGN_IDENTITY = "iPhone Developer";
				COPY_PHASE_STRIP = NO;
				DEBUG_INFORMATION_FORMAT = dwarf;
				ENABLE_STRICT_OBJC_MSGSEND = YES;
				ENABLE_TESTABILITY = YES;
				GCC_C_LANGUAGE_STANDARD = gnu11;
				GCC_DYNAMIC_NO_PIC = NO;
				GCC_NO_COMMON_BLOCKS = YES;
				GCC_OPTIMIZATION_LEVEL = 0;
				GCC_PREPROCESSOR_DEFINITIONS = (
					"DEBUG=1",
					"$(inherited)",
				);
				GCC_WARN_64_TO_32_BIT_CONVERSION = YES;
				GCC_WARN_ABOUT_RETURN_TYPE = YES_ERROR;
				GCC_WARN_UNDECLARED_SELECTOR = YES;
				GCC_WARN_UNINITIALIZED_AUTOS = YES_AGGRESSIVE;
				GCC_WARN_UNUSED_FUNCTION = YES;
				GCC_WARN_UNUSED_VARIABLE = YES;
				IPHONEOS_DEPLOYMENT_TARGET = 12.1;
				MTL_ENABLE_DEBUG_INFO = INCLUDE_SOURCE;
				MTL_FAST_MATH = YES;
				ONLY_ACTIVE_ARCH = YES;
				SDKROOT = iphoneos;
				SWIFT_ACTIVE_COMPILATION_CONDITIONS = DEBUG;
				SWIFT_OPTIMIZATION_LEVEL = "-Onone";
			};
			name = Debug;
		};
		8D600079223DFFC200C3B81A /* Release */ = {
			isa = XCBuildConfiguration;
			buildSettings = {
				ALWAYS_SEARCH_USER_PATHS = NO;
				CLANG_ANALYZER_NONNULL = YES;
				CLANG_ANALYZER_NUMBER_OBJECT_CONVERSION = YES_AGGRESSIVE;
				CLANG_CXX_LANGUAGE_STANDARD = "gnu++14";
				CLANG_CXX_LIBRARY = "libc++";
				CLANG_ENABLE_MODULES = YES;
				CLANG_ENABLE_OBJC_ARC = YES;
				CLANG_ENABLE_OBJC_WEAK = YES;
				CLANG_WARN_BLOCK_CAPTURE_AUTORELEASING = YES;
				CLANG_WARN_BOOL_CONVERSION = YES;
				CLANG_WARN_COMMA = YES;
				CLANG_WARN_CONSTANT_CONVERSION = YES;
				CLANG_WARN_DEPRECATED_OBJC_IMPLEMENTATIONS = YES;
				CLANG_WARN_DIRECT_OBJC_ISA_USAGE = YES_ERROR;
				CLANG_WARN_DOCUMENTATION_COMMENTS = YES;
				CLANG_WARN_EMPTY_BODY = YES;
				CLANG_WARN_ENUM_CONVERSION = YES;
				CLANG_WARN_INFINITE_RECURSION = YES;
				CLANG_WARN_INT_CONVERSION = YES;
				CLANG_WARN_NON_LITERAL_NULL_CONVERSION = YES;
				CLANG_WARN_OBJC_IMPLICIT_RETAIN_SELF = YES;
				CLANG_WARN_OBJC_LITERAL_CONVERSION = YES;
				CLANG_WARN_OBJC_ROOT_CLASS = YES_ERROR;
				CLANG_WARN_RANGE_LOOP_ANALYSIS = YES;
				CLANG_WARN_STRICT_PROTOTYPES = YES;
				CLANG_WARN_SUSPICIOUS_MOVE = YES;
				CLANG_WARN_UNGUARDED_AVAILABILITY = YES_AGGRESSIVE;
				CLANG_WARN_UNREACHABLE_CODE = YES;
				CLANG_WARN__DUPLICATE_METHOD_MATCH = YES;
				CODE_SIGN_IDENTITY = "iPhone Developer";
				COPY_PHASE_STRIP = NO;
				DEBUG_INFORMATION_FORMAT = "dwarf-with-dsym";
				ENABLE_NS_ASSERTIONS = NO;
				ENABLE_STRICT_OBJC_MSGSEND = YES;
				GCC_C_LANGUAGE_STANDARD = gnu11;
				GCC_NO_COMMON_BLOCKS = YES;
				GCC_WARN_64_TO_32_BIT_CONVERSION = YES;
				GCC_WARN_ABOUT_RETURN_TYPE = YES_ERROR;
				GCC_WARN_UNDECLARED_SELECTOR = YES;
				GCC_WARN_UNINITIALIZED_AUTOS = YES_AGGRESSIVE;
				GCC_WARN_UNUSED_FUNCTION = YES;
				GCC_WARN_UNUSED_VARIABLE = YES;
				IPHONEOS_DEPLOYMENT_TARGET = 12.1;
				MTL_ENABLE_DEBUG_INFO = NO;
				MTL_FAST_MATH = YES;
				SDKROOT = iphoneos;
				SWIFT_COMPILATION_MODE = wholemodule;
				SWIFT_OPTIMIZATION_LEVEL = "-O";
				VALIDATE_PRODUCT = YES;
			};
			name = Release;
		};
		8D60007B223DFFC200C3B81A /* Debug */ = {
			isa = XCBuildConfiguration;
			baseConfigurationReference = FF7135A74195905277CDE86F /* Pods-RxCocoaHeads.debug.xcconfig */;
			buildSettings = {
				ASSETCATALOG_COMPILER_APPICON_NAME = AppIcon;
				CODE_SIGN_STYLE = Automatic;
				DEVELOPMENT_TEAM = JXBS78USJQ;
				INFOPLIST_FILE = RxCocoaHeads/Info.plist;
				IPHONEOS_DEPLOYMENT_TARGET = 10.0;
				LD_RUNPATH_SEARCH_PATHS = (
					"$(inherited)",
					"@executable_path/Frameworks",
				);
				PRODUCT_BUNDLE_IDENTIFIER = com.iamtravisjsmith.RxCocoaHeads;
				PRODUCT_NAME = "$(TARGET_NAME)";
				SWIFT_VERSION = 4.2;
				TARGETED_DEVICE_FAMILY = "1,2";
			};
			name = Debug;
		};
		8D60007C223DFFC200C3B81A /* Release */ = {
			isa = XCBuildConfiguration;
			baseConfigurationReference = 11B93BAA2E30B7E9512D3241 /* Pods-RxCocoaHeads.release.xcconfig */;
			buildSettings = {
				ASSETCATALOG_COMPILER_APPICON_NAME = AppIcon;
				CODE_SIGN_STYLE = Automatic;
				DEVELOPMENT_TEAM = JXBS78USJQ;
				INFOPLIST_FILE = RxCocoaHeads/Info.plist;
				IPHONEOS_DEPLOYMENT_TARGET = 10.0;
				LD_RUNPATH_SEARCH_PATHS = (
					"$(inherited)",
					"@executable_path/Frameworks",
				);
				PRODUCT_BUNDLE_IDENTIFIER = com.iamtravisjsmith.RxCocoaHeads;
				PRODUCT_NAME = "$(TARGET_NAME)";
				SWIFT_VERSION = 4.2;
				TARGETED_DEVICE_FAMILY = "1,2";
			};
			name = Release;
		};
/* End XCBuildConfiguration section */

/* Begin XCConfigurationList section */
		8D600063223DFFC100C3B81A /* Build configuration list for PBXProject "RxCocoaHeads" */ = {
			isa = XCConfigurationList;
			buildConfigurations = (
				8D600078223DFFC200C3B81A /* Debug */,
				8D600079223DFFC200C3B81A /* Release */,
			);
			defaultConfigurationIsVisible = 0;
			defaultConfigurationName = Release;
		};
		8D60007A223DFFC200C3B81A /* Build configuration list for PBXNativeTarget "RxCocoaHeads" */ = {
			isa = XCConfigurationList;
			buildConfigurations = (
				8D60007B223DFFC200C3B81A /* Debug */,
				8D60007C223DFFC200C3B81A /* Release */,
			);
			defaultConfigurationIsVisible = 0;
			defaultConfigurationName = Release;
		};
/* End XCConfigurationList section */
	};
	rootObject = 8D600060223DFFC100C3B81A /* Project object */;
}
